
Microsoft Visual Studio Solution File, Format Version 12.00
# Visual Studio Version 17
VisualStudioVersion = 17.14.36310.24 d17.14
MinimumVisualStudioVersion = 10.0.40219.1
Project("{FAE04EC0-301F-11D3-BF4B-00C04F79EFBC}") = "Plataforma de Lanches", "Plataforma de Lanches\Plataforma de Lanches.csproj", "{1B4F890C-627A-4257-901C-E8DA4CABE9A0}"
EndProject
Global
	GlobalSection(SolutionConfigurationPlatforms) = preSolution
		Debug|Any CPU = Debug|Any CPU
		Release|Any CPU = Release|Any CPU
	EndGlobalSection
	GlobalSection(ProjectConfigurationPlatforms) = postSolution
		{1B4F890C-627A-4257-901C-E8DA4CABE9A0}.Debug|Any CPU.ActiveCfg = Debug|Any CPU
		{1B4F890C-627A-4257-901C-E8DA4CABE9A0}.Debug|Any CPU.Build.0 = Debug|Any CPU
		{1B4F890C-627A-4257-901C-E8DA4CABE9A0}.Release|Any CPU.ActiveCfg = Release|Any CPU
		{1B4F890C-627A-4257-901C-E8DA4CABE9A0}.Release|Any CPU.Build.0 = Release|Any CPU
	EndGlobalSection
	GlobalSection(SolutionProperties) = preSolution
		HideSolutionNode = FALSE
	EndGlobalSection
	GlobalSection(ExtensibilityGlobals) = postSolution
		SolutionGuid = {71CEFDD5-2EF6-458C-86DD-1E98782C0A24}
	EndGlobalSection
EndGlobal
